
Microsoft Visual Studio Solution File, Format Version 12.00
# Visual Studio Version 17
VisualStudioVersion = 17.6.33829.357
MinimumVisualStudioVersion = 10.0.40219.1
Project("{FAE04EC0-301F-11D3-BF4B-00C04F79EFBC}") = "SiganlRChatDemo", "SiganlRChatDemo\SiganlRChatDemo.csproj", "{5BF645D3-9465-44D1-921C-45FA0A9AB583}"
EndProject
Global
	GlobalSection(SolutionConfigurationPlatforms) = preSolution
		Debug|Any CPU = Debug|Any CPU
		Release|Any CPU = Release|Any CPU
	EndGlobalSection
	GlobalSection(ProjectConfigurationPlatforms) = postSolution
		{5BF645D3-9465-44D1-921C-45FA0A9AB583}.Debug|Any CPU.ActiveCfg = Debug|Any CPU
		{5BF645D3-9465-44D1-921C-45FA0A9AB583}.Debug|Any CPU.Build.0 = Debug|Any CPU
		{5BF645D3-9465-44D1-921C-45FA0A9AB583}.Release|Any CPU.ActiveCfg = Release|Any CPU
		{5BF645D3-9465-44D1-921C-45FA0A9AB583}.Release|Any CPU.Build.0 = Release|Any CPU
	EndGlobalSection
	GlobalSection(SolutionProperties) = preSolution
		HideSolutionNode = FALSE
	EndGlobalSection
	GlobalSection(ExtensibilityGlobals) = postSolution
		SolutionGuid = {0A1FE08B-EA65-41C6-BB0F-DAA601F03E79}
	EndGlobalSection
EndGlobal
